
Microsoft Visual Studio Solution File, Format Version 12.00
# Visual Studio Version 17
VisualStudioVersion = 17.3.32819.101
MinimumVisualStudioVersion = 10.0.40219.1
Project("{FAE04EC0-301F-11D3-BF4B-00C04F79EFBC}") = "FamilyTree.ConsoleApp", "FamilyTree.ConsoleApp\FamilyTree.ConsoleApp.csproj", "{FFF35BA4-57C9-4A0C-8DE3-EE7F52A49779}"
EndProject
Global
	GlobalSection(SolutionConfigurationPlatforms) = preSolution
		Debug|Any CPU = Debug|Any CPU
		Release|Any CPU = Release|Any CPU
	EndGlobalSection
	GlobalSection(ProjectConfigurationPlatforms) = postSolution
		{FFF35BA4-57C9-4A0C-8DE3-EE7F52A49779}.Debug|Any CPU.ActiveCfg = Debug|Any CPU
		{FFF35BA4-57C9-4A0C-8DE3-EE7F52A49779}.Debug|Any CPU.Build.0 = Debug|Any CPU
		{FFF35BA4-57C9-4A0C-8DE3-EE7F52A49779}.Release|Any CPU.ActiveCfg = Release|Any CPU
		{FFF35BA4-57C9-4A0C-8DE3-EE7F52A49779}.Release|Any CPU.Build.0 = Release|Any CPU
	EndGlobalSection
	GlobalSection(SolutionProperties) = preSolution
		HideSolutionNode = FALSE
	EndGlobalSection
	GlobalSection(ExtensibilityGlobals) = postSolution
		SolutionGuid = {D0137ECA-9793-4CAC-95A1-945B22915D43}
	EndGlobalSection
EndGlobal
